
Microsoft Visual Studio Solution File, Format Version 12.00
# Visual Studio Version 17
VisualStudioVersion = 17.2.32526.322
MinimumVisualStudioVersion = 10.0.40219.1
Project("{FAE04EC0-301F-11D3-BF4B-00C04F79EFBC}") = "GISBox", "GISBox.csproj", "{E1665063-8481-48B9-8983-686D408EF818}"
EndProject
Project("{FAE04EC0-301F-11D3-BF4B-00C04F79EFBC}") = "MyMapObjects", "MyMapObjects\MyMapObjects.csproj", "{5951B784-FB07-482D-A3FF-EC59E1BFB316}"
EndProject
Global
	GlobalSection(SolutionConfigurationPlatforms) = preSolution
		Debug|Any CPU = Debug|Any CPU
		Release|Any CPU = Release|Any CPU
	EndGlobalSection
	GlobalSection(ProjectConfigurationPlatforms) = postSolution
		{E1665063-8481-48B9-8983-686D408EF818}.Debug|Any CPU.ActiveCfg = Debug|Any CPU
		{E1665063-8481-48B9-8983-686D408EF818}.Debug|Any CPU.Build.0 = Debug|Any CPU
		{E1665063-8481-48B9-8983-686D408EF818}.Release|Any CPU.ActiveCfg = Release|Any CPU
		{E1665063-8481-48B9-8983-686D408EF818}.Release|Any CPU.Build.0 = Release|Any CPU
		{5951B784-FB07-482D-A3FF-EC59E1BFB316}.Debug|Any CPU.ActiveCfg = Debug|Any CPU
		{5951B784-FB07-482D-A3FF-EC59E1BFB316}.Debug|Any CPU.Build.0 = Debug|Any CPU
		{5951B784-FB07-482D-A3FF-EC59E1BFB316}.Release|Any CPU.ActiveCfg = Release|Any CPU
		{5951B784-FB07-482D-A3FF-EC59E1BFB316}.Release|Any CPU.Build.0 = Release|Any CPU
	EndGlobalSection
	GlobalSection(SolutionProperties) = preSolution
		HideSolutionNode = FALSE
	EndGlobalSection
	GlobalSection(ExtensibilityGlobals) = postSolution
		SolutionGuid = {9F2E3E96-4A09-46B7-A2C8-C621DAC91297}
	EndGlobalSection
EndGlobal
